
Microsoft Visual Studio Solution File, Format Version 12.00
# Visual Studio Version 17
VisualStudioVersion = 17.1.31903.286
MinimumVisualStudioVersion = 10.0.40219.1
Project("{9A19103F-16F7-4668-BE54-9A1E7A4F7556}") = "WindsorPricesMonitoringWeb.Server", "Server\WindsorPricesMonitoringWeb.Server.csproj", "{BD80BFE6-6A90-46A8-A5E0-E92E32962D3F}"
EndProject
Project("{9A19103F-16F7-4668-BE54-9A1E7A4F7556}") = "WindsorPricesMonitoringWeb.Client", "Client\WindsorPricesMonitoringWeb.Client.csproj", "{91A51F60-81AB-4496-9F48-5094A260F0AC}"
EndProject
Project("{9A19103F-16F7-4668-BE54-9A1E7A4F7556}") = "WindsorPricesMonitoringWeb.Shared", "Shared\WindsorPricesMonitoringWeb.Shared.csproj", "{B785E01B-57C6-40B5-9903-B27C5D31F319}"
EndProject
Global
	GlobalSection(SolutionConfigurationPlatforms) = preSolution
		Debug|Any CPU = Debug|Any CPU
		Release|Any CPU = Release|Any CPU
	EndGlobalSection
	GlobalSection(ProjectConfigurationPlatforms) = postSolution
		{BD80BFE6-6A90-46A8-A5E0-E92E32962D3F}.Debug|Any CPU.ActiveCfg = Debug|Any CPU
		{BD80BFE6-6A90-46A8-A5E0-E92E32962D3F}.Debug|Any CPU.Build.0 = Debug|Any CPU
		{BD80BFE6-6A90-46A8-A5E0-E92E32962D3F}.Release|Any CPU.ActiveCfg = Release|Any CPU
		{BD80BFE6-6A90-46A8-A5E0-E92E32962D3F}.Release|Any CPU.Build.0 = Release|Any CPU
		{91A51F60-81AB-4496-9F48-5094A260F0AC}.Debug|Any CPU.ActiveCfg = Debug|Any CPU
		{91A51F60-81AB-4496-9F48-5094A260F0AC}.Debug|Any CPU.Build.0 = Debug|Any CPU
		{91A51F60-81AB-4496-9F48-5094A260F0AC}.Release|Any CPU.ActiveCfg = Release|Any CPU
		{91A51F60-81AB-4496-9F48-5094A260F0AC}.Release|Any CPU.Build.0 = Release|Any CPU
		{B785E01B-57C6-40B5-9903-B27C5D31F319}.Debug|Any CPU.ActiveCfg = Debug|Any CPU
		{B785E01B-57C6-40B5-9903-B27C5D31F319}.Debug|Any CPU.Build.0 = Debug|Any CPU
		{B785E01B-57C6-40B5-9903-B27C5D31F319}.Release|Any CPU.ActiveCfg = Release|Any CPU
		{B785E01B-57C6-40B5-9903-B27C5D31F319}.Release|Any CPU.Build.0 = Release|Any CPU
	EndGlobalSection
	GlobalSection(SolutionProperties) = preSolution
		HideSolutionNode = FALSE
	EndGlobalSection
	GlobalSection(ExtensibilityGlobals) = postSolution
		SolutionGuid = {68F66418-4018-4930-A9C2-1FD2F4137CC3}
	EndGlobalSection
EndGlobal
